
Microsoft Visual Studio Solution File, Format Version 12.00
# Visual Studio Version 17
VisualStudioVersion = 17.11.35222.181
MinimumVisualStudioVersion = 10.0.40219.1
Project("{FAE04EC0-301F-11D3-BF4B-00C04F79EFBC}") = "ContactManagerApp", "ContactManagerApp\ContactManagerApp.csproj", "{A470EE72-7091-40C7-82DD-038304D2F79C}"
EndProject
Global
	GlobalSection(SolutionConfigurationPlatforms) = preSolution
		Debug|Any CPU = Debug|Any CPU
		Release|Any CPU = Release|Any CPU
	EndGlobalSection
	GlobalSection(ProjectConfigurationPlatforms) = postSolution
		{A470EE72-7091-40C7-82DD-038304D2F79C}.Debug|Any CPU.ActiveCfg = Debug|Any CPU
		{A470EE72-7091-40C7-82DD-038304D2F79C}.Debug|Any CPU.Build.0 = Debug|Any CPU
		{A470EE72-7091-40C7-82DD-038304D2F79C}.Release|Any CPU.ActiveCfg = Release|Any CPU
		{A470EE72-7091-40C7-82DD-038304D2F79C}.Release|Any CPU.Build.0 = Release|Any CPU
	EndGlobalSection
	GlobalSection(SolutionProperties) = preSolution
		HideSolutionNode = FALSE
	EndGlobalSection
	GlobalSection(ExtensibilityGlobals) = postSolution
		SolutionGuid = {E4B4B0F8-27C8-41D0-99AD-EFE02E15FE89}
	EndGlobalSection
EndGlobal
